
Microsoft Visual Studio Solution File, Format Version 12.00
# Visual Studio 14
VisualStudioVersion = 14.0.25123.0
MinimumVisualStudioVersion = 10.0.40219.1
Project("{FAE04EC0-301F-11D3-BF4B-00C04F79EFBC}") = "Exercise3.XF.Droid", "Exercise3.XF\Exercise3.XF.Droid\Exercise3.XF.Droid.csproj", "{61AE884F-6AA8-45D2-9EC9-7605A76434C9}"
EndProject
Project("{FAE04EC0-301F-11D3-BF4B-00C04F79EFBC}") = "Exercise3.XF.iOS", "Exercise3.XF\Exercise3.XF.iOS\Exercise3.XF.iOS.csproj", "{87631352-CD75-49A7-A16B-F09BC5F8E74B}"
EndProject
Project("{FAE04EC0-301F-11D3-BF4B-00C04F79EFBC}") = "Exercise3.XF.WinPhone", "Exercise3.XF\Exercise3.XF.WinPhone\Exercise3.XF.WinPhone.csproj", "{09272F5B-7331-4616-B732-022A89BEB75A}"
EndProject
Project("{FAE04EC0-301F-11D3-BF4B-00C04F79EFBC}") = "Exercise3.XF.UWP", "Exercise3.XF\Exercise3.XF.UWP\Exercise3.XF.UWP.csproj", "{9E3534BE-24D5-44F1-98A0-CDF5AB6FA495}"
EndProject
Project("{FAE04EC0-301F-11D3-BF4B-00C04F79EFBC}") = "Exercise3.XF.Windows", "Exercise3.XF\Exercise3.XF.Windows\Exercise3.XF.Windows.csproj", "{375CF4BD-3310-4A9B-910A-0D488291CADB}"
EndProject
Project("{FAE04EC0-301F-11D3-BF4B-00C04F79EFBC}") = "Exercise3.XF", "Exercise3.XF\Exercise3.XF\Exercise3.XF.csproj", "{C5DDB501-E48D-43BE-A4AF-78F06B7B66F1}"
EndProject
Global
	GlobalSection(SolutionConfigurationPlatforms) = preSolution
		Ad-Hoc|Any CPU = Ad-Hoc|Any CPU
		Ad-Hoc|ARM = Ad-Hoc|ARM
		Ad-Hoc|iPhone = Ad-Hoc|iPhone
		Ad-Hoc|iPhoneSimulator = Ad-Hoc|iPhoneSimulator
		Ad-Hoc|x64 = Ad-Hoc|x64
		Ad-Hoc|x86 = Ad-Hoc|x86
		AppStore|Any CPU = AppStore|Any CPU
		AppStore|ARM = AppStore|ARM
		AppStore|iPhone = AppStore|iPhone
		AppStore|iPhoneSimulator = AppStore|iPhoneSimulator
		AppStore|x64 = AppStore|x64
		AppStore|x86 = AppStore|x86
		Debug|Any CPU = Debug|Any CPU
		Debug|ARM = Debug|ARM
		Debug|iPhone = Debug|iPhone
		Debug|iPhoneSimulator = Debug|iPhoneSimulator
		Debug|x64 = Debug|x64
		Debug|x86 = Debug|x86
		Release|Any CPU = Release|Any CPU
		Release|ARM = Release|ARM
		Release|iPhone = Release|iPhone
		Release|iPhoneSimulator = Release|iPhoneSimulator
		Release|x64 = Release|x64
		Release|x86 = Release|x86
	EndGlobalSection
	GlobalSection(ProjectConfigurationPlatforms) = postSolution
		{61AE884F-6AA8-45D2-9EC9-7605A76434C9}.Ad-Hoc|Any CPU.ActiveCfg = Release|Any CPU
		{61AE884F-6AA8-45D2-9EC9-7605A76434C9}.Ad-Hoc|Any CPU.Build.0 = Release|Any CPU
		{61AE884F-6AA8-45D2-9EC9-7605A76434C9}.Ad-Hoc|Any CPU.Deploy.0 = Release|Any CPU
		{61AE884F-6AA8-45D2-9EC9-7605A76434C9}.Ad-Hoc|ARM.ActiveCfg = Release|Any CPU
		{61AE884F-6AA8-45D2-9EC9-7605A76434C9}.Ad-Hoc|ARM.Build.0 = Release|Any CPU
		{61AE884F-6AA8-45D2-9EC9-7605A76434C9}.Ad-Hoc|ARM.Deploy.0 = Release|Any CPU
		{61AE884F-6AA8-45D2-9EC9-7605A76434C9}.Ad-Hoc|iPhone.ActiveCfg = Release|Any CPU
		{61AE884F-6AA8-45D2-9EC9-7605A76434C9}.Ad-Hoc|iPhone.Build.0 = Release|Any CPU
		{61AE884F-6AA8-45D2-9EC9-7605A76434C9}.Ad-Hoc|iPhone.Deploy.0 = Release|Any CPU
		{61AE884F-6AA8-45D2-9EC9-7605A76434C9}.Ad-Hoc|iPhoneSimulator.ActiveCfg = Release|Any CPU
		{61AE884F-6AA8-45D2-9EC9-7605A76434C9}.Ad-Hoc|iPhoneSimulator.Build.0 = Release|Any CPU
		{61AE884F-6AA8-45D2-9EC9-7605A76434C9}.Ad-Hoc|iPhoneSimulator.Deploy.0 = Release|Any CPU
		{61AE884F-6AA8-45D2-9EC9-7605A76434C9}.Ad-Hoc|x64.ActiveCfg = Release|Any CPU
		{61AE884F-6AA8-45D2-9EC9-7605A76434C9}.Ad-Hoc|x64.Build.0 = Release|Any CPU
		{61AE884F-6AA8-45D2-9EC9-7605A76434C9}.Ad-Hoc|x64.Deploy.0 = Release|Any CPU
		{61AE884F-6AA8-45D2-9EC9-7605A76434C9}.Ad-Hoc|x86.ActiveCfg = Release|Any CPU
		{61AE884F-6AA8-45D2-9EC9-7605A76434C9}.Ad-Hoc|x86.Build.0 = Release|Any CPU
		{61AE884F-6AA8-45D2-9EC9-7605A76434C9}.Ad-Hoc|x86.Deploy.0 = Release|Any CPU
		{61AE884F-6AA8-45D2-9EC9-7605A76434C9}.AppStore|Any CPU.ActiveCfg = Release|Any CPU
		{61AE884F-6AA8-45D2-9EC9-7605A76434C9}.AppStore|Any CPU.Build.0 = Release|Any CPU
		{61AE884F-6AA8-45D2-9EC9-7605A76434C9}.AppStore|Any CPU.Deploy.0 = Release|Any CPU
		{61AE884F-6AA8-45D2-9EC9-7605A76434C9}.AppStore|ARM.ActiveCfg = Release|Any CPU
		{61AE884F-6AA8-45D2-9EC9-7605A76434C9}.AppStore|ARM.Build.0 = Release|Any CPU
		{61AE884F-6AA8-45D2-9EC9-7605A76434C9}.AppStore|ARM.Deploy.0 = Release|Any CPU
		{61AE884F-6AA8-45D2-9EC9-7605A76434C9}.AppStore|iPhone.ActiveCfg = Release|Any CPU
		{61AE884F-6AA8-45D2-9EC9-7605A76434C9}.AppStore|iPhone.Build.0 = Release|Any CPU
		{61AE884F-6AA8-45D2-9EC9-7605A76434C9}.AppStore|iPhone.Deploy.0 = Release|Any CPU
		{61AE884F-6AA8-45D2-9EC9-7605A76434C9}.AppStore|iPhoneSimulator.ActiveCfg = Release|Any CPU
		{61AE884F-6AA8-45D2-9EC9-7605A76434C9}.AppStore|iPhoneSimulator.Build.0 = Release|Any CPU
		{61AE884F-6AA8-45D2-9EC9-7605A76434C9}.AppStore|iPhoneSimulator.Deploy.0 = Release|Any CPU
		{61AE884F-6AA8-45D2-9EC9-7605A76434C9}.AppStore|x64.ActiveCfg = Release|Any CPU
		{61AE884F-6AA8-45D2-9EC9-7605A76434C9}.AppStore|x64.Build.0 = Release|Any CPU
		{61AE884F-6AA8-45D2-9EC9-7605A76434C9}.AppStore|x64.Deploy.0 = Release|Any CPU
		{61AE884F-6AA8-45D2-9EC9-7605A76434C9}.AppStore|x86.ActiveCfg = Release|Any CPU
		{61AE884F-6AA8-45D2-9EC9-7605A76434C9}.AppStore|x86.Build.0 = Release|Any CPU
		{61AE884F-6AA8-45D2-9EC9-7605A76434C9}.AppStore|x86.Deploy.0 = Release|Any CPU
		{61AE884F-6AA8-45D2-9EC9-7605A76434C9}.Debug|Any CPU.ActiveCfg = Debug|Any CPU
		{61AE884F-6AA8-45D2-9EC9-7605A76434C9}.Debug|Any CPU.Build.0 = Debug|Any CPU
		{61AE884F-6AA8-45D2-9EC9-7605A76434C9}.Debug|Any CPU.Deploy.0 = Debug|Any CPU
		{61AE884F-6AA8-45D2-9EC9-7605A76434C9}.Debug|ARM.ActiveCfg = Debug|Any CPU
		{61AE884F-6AA8-45D2-9EC9-7605A76434C9}.Debug|ARM.Build.0 = Debug|Any CPU
		{61AE884F-6AA8-45D2-9EC9-7605A76434C9}.Debug|ARM.Deploy.0 = Debug|Any CPU
		{61AE884F-6AA8-45D2-9EC9-7605A76434C9}.Debug|iPhone.ActiveCfg = Debug|Any CPU
		{61AE884F-6AA8-45D2-9EC9-7605A76434C9}.Debug|iPhone.Build.0 = Debug|Any CPU
		{61AE884F-6AA8-45D2-9EC9-7605A76434C9}.Debug|iPhone.Deploy.0 = Debug|Any CPU
		{61AE884F-6AA8-45D2-9EC9-7605A76434C9}.Debug|iPhoneSimulator.ActiveCfg = Debug|Any CPU
		{61AE884F-6AA8-45D2-9EC9-7605A76434C9}.Debug|iPhoneSimulator.Build.0 = Debug|Any CPU
		{61AE884F-6AA8-45D2-9EC9-7605A76434C9}.Debug|iPhoneSimulator.Deploy.0 = Debug|Any CPU
		{61AE884F-6AA8-45D2-9EC9-7605A76434C9}.Debug|x64.ActiveCfg = Debug|Any CPU
		{61AE884F-6AA8-45D2-9EC9-7605A76434C9}.Debug|x64.Build.0 = Debug|Any CPU
		{61AE884F-6AA8-45D2-9EC9-7605A76434C9}.Debug|x64.Deploy.0 = Debug|Any CPU
		{61AE884F-6AA8-45D2-9EC9-7605A76434C9}.Debug|x86.ActiveCfg = Debug|Any CPU
		{61AE884F-6AA8-45D2-9EC9-7605A76434C9}.Debug|x86.Build.0 = Debug|Any CPU
		{61AE884F-6AA8-45D2-9EC9-7605A76434C9}.Debug|x86.Deploy.0 = Debug|Any CPU
		{61AE884F-6AA8-45D2-9EC9-7605A76434C9}.Release|Any CPU.ActiveCfg = Release|Any CPU
		{61AE884F-6AA8-45D2-9EC9-7605A76434C9}.Release|Any CPU.Build.0 = Release|Any CPU
		{61AE884F-6AA8-45D2-9EC9-7605A76434C9}.Release|Any CPU.Deploy.0 = Release|Any CPU
		{61AE884F-6AA8-45D2-9EC9-7605A76434C9}.Release|ARM.ActiveCfg = Release|Any CPU
		{61AE884F-6AA8-45D2-9EC9-7605A76434C9}.Release|ARM.Build.0 = Release|Any CPU
		{61AE884F-6AA8-45D2-9EC9-7605A76434C9}.Release|ARM.Deploy.0 = Release|Any CPU
		{61AE884F-6AA8-45D2-9EC9-7605A76434C9}.Release|iPhone.ActiveCfg = Release|Any CPU
		{61AE884F-6AA8-45D2-9EC9-7605A76434C9}.Release|iPhone.Build.0 = Release|Any CPU
		{61AE884F-6AA8-45D2-9EC9-7605A76434C9}.Release|iPhone.Deploy.0 = Release|Any CPU
		{61AE884F-6AA8-45D2-9EC9-7605A76434C9}.Release|iPhoneSimulator.ActiveCfg = Release|Any CPU
		{61AE884F-6AA8-45D2-9EC9-7605A76434C9}.Release|iPhoneSimulator.Build.0 = Release|Any CPU
		{61AE884F-6AA8-45D2-9EC9-7605A76434C9}.Release|iPhoneSimulator.Deploy.0 = Release|Any CPU
		{61AE884F-6AA8-45D2-9EC9-7605A76434C9}.Release|x64.ActiveCfg = Release|Any CPU
		{61AE884F-6AA8-45D2-9EC9-7605A76434C9}.Release|x64.Build.0 = Release|Any CPU
		{61AE884F-6AA8-45D2-9EC9-7605A76434C9}.Release|x64.Deploy.0 = Release|Any CPU
		{61AE884F-6AA8-45D2-9EC9-7605A76434C9}.Release|x86.ActiveCfg = Release|Any CPU
		{61AE884F-6AA8-45D2-9EC9-7605A76434C9}.Release|x86.Build.0 = Release|Any CPU
		{61AE884F-6AA8-45D2-9EC9-7605A76434C9}.Release|x86.Deploy.0 = Release|Any CPU
		{87631352-CD75-49A7-A16B-F09BC5F8E74B}.Ad-Hoc|Any CPU.ActiveCfg = Ad-Hoc|iPhone
		{87631352-CD75-49A7-A16B-F09BC5F8E74B}.Ad-Hoc|ARM.ActiveCfg = Ad-Hoc|iPhone
		{87631352-CD75-49A7-A16B-F09BC5F8E74B}.Ad-Hoc|iPhone.ActiveCfg = Ad-Hoc|iPhone
		{87631352-CD75-49A7-A16B-F09BC5F8E74B}.Ad-Hoc|iPhone.Build.0 = Ad-Hoc|iPhone
		{87631352-CD75-49A7-A16B-F09BC5F8E74B}.Ad-Hoc|iPhoneSimulator.ActiveCfg = Ad-Hoc|iPhoneSimulator
		{87631352-CD75-49A7-A16B-F09BC5F8E74B}.Ad-Hoc|iPhoneSimulator.Build.0 = Ad-Hoc|iPhoneSimulator
		{87631352-CD75-49A7-A16B-F09BC5F8E74B}.Ad-Hoc|x64.ActiveCfg = Ad-Hoc|iPhone
		{87631352-CD75-49A7-A16B-F09BC5F8E74B}.Ad-Hoc|x86.ActiveCfg = Ad-Hoc|iPhone
		{87631352-CD75-49A7-A16B-F09BC5F8E74B}.AppStore|Any CPU.ActiveCfg = AppStore|iPhone
		{87631352-CD75-49A7-A16B-F09BC5F8E74B}.AppStore|ARM.ActiveCfg = AppStore|iPhone
		{87631352-CD75-49A7-A16B-F09BC5F8E74B}.AppStore|iPhone.ActiveCfg = AppStore|iPhone
		{87631352-CD75-49A7-A16B-F09BC5F8E74B}.AppStore|iPhone.Build.0 = AppStore|iPhone
		{87631352-CD75-49A7-A16B-F09BC5F8E74B}.AppStore|iPhoneSimulator.ActiveCfg = AppStore|iPhoneSimulator
		{87631352-CD75-49A7-A16B-F09BC5F8E74B}.AppStore|iPhoneSimulator.Build.0 = AppStore|iPhoneSimulator
		{87631352-CD75-49A7-A16B-F09BC5F8E74B}.AppStore|x64.ActiveCfg = AppStore|iPhone
		{87631352-CD75-49A7-A16B-F09BC5F8E74B}.AppStore|x86.ActiveCfg = AppStore|iPhone
		{87631352-CD75-49A7-A16B-F09BC5F8E74B}.Debug|Any CPU.ActiveCfg = Debug|iPhone
		{87631352-CD75-49A7-A16B-F09BC5F8E74B}.Debug|ARM.ActiveCfg = Debug|iPhone
		{87631352-CD75-49A7-A16B-F09BC5F8E74B}.Debug|iPhone.ActiveCfg = Debug|iPhone
		{87631352-CD75-49A7-A16B-F09BC5F8E74B}.Debug|iPhone.Build.0 = Debug|iPhone
		{87631352-CD75-49A7-A16B-F09BC5F8E74B}.Debug|iPhoneSimulator.ActiveCfg = Debug|iPhoneSimulator
		{87631352-CD75-49A7-A16B-F09BC5F8E74B}.Debug|iPhoneSimulator.Build.0 = Debug|iPhoneSimulator
		{87631352-CD75-49A7-A16B-F09BC5F8E74B}.Debug|x64.ActiveCfg = Debug|iPhone
		{87631352-CD75-49A7-A16B-F09BC5F8E74B}.Debug|x86.ActiveCfg = Debug|iPhone
		{87631352-CD75-49A7-A16B-F09BC5F8E74B}.Release|Any CPU.ActiveCfg = Release|iPhone
		{87631352-CD75-49A7-A16B-F09BC5F8E74B}.Release|ARM.ActiveCfg = Release|iPhone
		{87631352-CD75-49A7-A16B-F09BC5F8E74B}.Release|iPhone.ActiveCfg = Release|iPhone
		{87631352-CD75-49A7-A16B-F09BC5F8E74B}.Release|iPhone.Build.0 = Release|iPhone
		{87631352-CD75-49A7-A16B-F09BC5F8E74B}.Release|iPhoneSimulator.ActiveCfg = Release|iPhoneSimulator
		{87631352-CD75-49A7-A16B-F09BC5F8E74B}.Release|iPhoneSimulator.Build.0 = Release|iPhoneSimulator
		{87631352-CD75-49A7-A16B-F09BC5F8E74B}.Release|x64.ActiveCfg = Release|iPhone
		{87631352-CD75-49A7-A16B-F09BC5F8E74B}.Release|x86.ActiveCfg = Release|iPhone
		{09272F5B-7331-4616-B732-022A89BEB75A}.Ad-Hoc|Any CPU.ActiveCfg = Release|Any CPU
		{09272F5B-7331-4616-B732-022A89BEB75A}.Ad-Hoc|Any CPU.Build.0 = Release|Any CPU
		{09272F5B-7331-4616-B732-022A89BEB75A}.Ad-Hoc|Any CPU.Deploy.0 = Release|Any CPU
		{09272F5B-7331-4616-B732-022A89BEB75A}.Ad-Hoc|ARM.ActiveCfg = Release|ARM
		{09272F5B-7331-4616-B732-022A89BEB75A}.Ad-Hoc|ARM.Build.0 = Release|ARM
		{09272F5B-7331-4616-B732-022A89BEB75A}.Ad-Hoc|ARM.Deploy.0 = Release|ARM
		{09272F5B-7331-4616-B732-022A89BEB75A}.Ad-Hoc|iPhone.ActiveCfg = Release|Any CPU
		{09272F5B-7331-4616-B732-022A89BEB75A}.Ad-Hoc|iPhone.Build.0 = Release|Any CPU
		{09272F5B-7331-4616-B732-022A89BEB75A}.Ad-Hoc|iPhone.Deploy.0 = Release|Any CPU
		{09272F5B-7331-4616-B732-022A89BEB75A}.Ad-Hoc|iPhoneSimulator.ActiveCfg = Release|Any CPU
		{09272F5B-7331-4616-B732-022A89BEB75A}.Ad-Hoc|iPhoneSimulator.Build.0 = Release|Any CPU
		{09272F5B-7331-4616-B732-022A89BEB75A}.Ad-Hoc|iPhoneSimulator.Deploy.0 = Release|Any CPU
		{09272F5B-7331-4616-B732-022A89BEB75A}.Ad-Hoc|x64.ActiveCfg = Release|Any CPU
		{09272F5B-7331-4616-B732-022A89BEB75A}.Ad-Hoc|x64.Build.0 = Release|Any CPU
		{09272F5B-7331-4616-B732-022A89BEB75A}.Ad-Hoc|x64.Deploy.0 = Release|Any CPU
		{09272F5B-7331-4616-B732-022A89BEB75A}.Ad-Hoc|x86.ActiveCfg = Release|x86
		{09272F5B-7331-4616-B732-022A89BEB75A}.Ad-Hoc|x86.Build.0 = Release|x86
		{09272F5B-7331-4616-B732-022A89BEB75A}.Ad-Hoc|x86.Deploy.0 = Release|x86
		{09272F5B-7331-4616-B732-022A89BEB75A}.AppStore|Any CPU.ActiveCfg = Release|Any CPU
		{09272F5B-7331-4616-B732-022A89BEB75A}.AppStore|Any CPU.Build.0 = Release|Any CPU
		{09272F5B-7331-4616-B732-022A89BEB75A}.AppStore|Any CPU.Deploy.0 = Release|Any CPU
		{09272F5B-7331-4616-B732-022A89BEB75A}.AppStore|ARM.ActiveCfg = Release|ARM
		{09272F5B-7331-4616-B732-022A89BEB75A}.AppStore|ARM.Build.0 = Release|ARM
		{09272F5B-7331-4616-B732-022A89BEB75A}.AppStore|ARM.Deploy.0 = Release|ARM
		{09272F5B-7331-4616-B732-022A89BEB75A}.AppStore|iPhone.ActiveCfg = Release|Any CPU
		{09272F5B-7331-4616-B732-022A89BEB75A}.AppStore|iPhone.Build.0 = Release|Any CPU
		{09272F5B-7331-4616-B732-022A89BEB75A}.AppStore|iPhone.Deploy.0 = Release|Any CPU
		{09272F5B-7331-4616-B732-022A89BEB75A}.AppStore|iPhoneSimulator.ActiveCfg = Release|Any CPU
		{09272F5B-7331-4616-B732-022A89BEB75A}.AppStore|iPhoneSimulator.Build.0 = Release|Any CPU
		{09272F5B-7331-4616-B732-022A89BEB75A}.AppStore|iPhoneSimulator.Deploy.0 = Release|Any CPU
		{09272F5B-7331-4616-B732-022A89BEB75A}.AppStore|x64.ActiveCfg = Release|Any CPU
		{09272F5B-7331-4616-B732-022A89BEB75A}.AppStore|x64.Build.0 = Release|Any CPU
		{09272F5B-7331-4616-B732-022A89BEB75A}.AppStore|x64.Deploy.0 = Release|Any CPU
		{09272F5B-7331-4616-B732-022A89BEB75A}.AppStore|x86.ActiveCfg = Release|x86
		{09272F5B-7331-4616-B732-022A89BEB75A}.AppStore|x86.Build.0 = Release|x86
		{09272F5B-7331-4616-B732-022A89BEB75A}.AppStore|x86.Deploy.0 = Release|x86
		{09272F5B-7331-4616-B732-022A89BEB75A}.Debug|Any CPU.ActiveCfg = Debug|Any CPU
		{09272F5B-7331-4616-B732-022A89BEB75A}.Debug|Any CPU.Build.0 = Debug|Any CPU
		{09272F5B-7331-4616-B732-022A89BEB75A}.Debug|Any CPU.Deploy.0 = Debug|Any CPU
		{09272F5B-7331-4616-B732-022A89BEB75A}.Debug|ARM.ActiveCfg = Debug|ARM
		{09272F5B-7331-4616-B732-022A89BEB75A}.Debug|ARM.Build.0 = Debug|ARM
		{09272F5B-7331-4616-B732-022A89BEB75A}.Debug|ARM.Deploy.0 = Debug|ARM
		{09272F5B-7331-4616-B732-022A89BEB75A}.Debug|iPhone.ActiveCfg = Debug|Any CPU
		{09272F5B-7331-4616-B732-022A89BEB75A}.Debug|iPhone.Build.0 = Debug|Any CPU
		{09272F5B-7331-4616-B732-022A89BEB75A}.Debug|iPhone.Deploy.0 = Debug|Any CPU
		{09272F5B-7331-4616-B732-022A89BEB75A}.Debug|iPhoneSimulator.ActiveCfg = Debug|Any CPU
		{09272F5B-7331-4616-B732-022A89BEB75A}.Debug|iPhoneSimulator.Build.0 = Debug|Any CPU
		{09272F5B-7331-4616-B732-022A89BEB75A}.Debug|iPhoneSimulator.Deploy.0 = Debug|Any CPU
		{09272F5B-7331-4616-B732-022A89BEB75A}.Debug|x64.ActiveCfg = Debug|Any CPU
		{09272F5B-7331-4616-B732-022A89BEB75A}.Debug|x64.Build.0 = Debug|Any CPU
		{09272F5B-7331-4616-B732-022A89BEB75A}.Debug|x64.Deploy.0 = Debug|Any CPU
		{09272F5B-7331-4616-B732-022A89BEB75A}.Debug|x86.ActiveCfg = Debug|x86
		{09272F5B-7331-4616-B732-022A89BEB75A}.Debug|x86.Build.0 = Debug|x86
		{09272F5B-7331-4616-B732-022A89BEB75A}.Debug|x86.Deploy.0 = Debug|x86
		{09272F5B-7331-4616-B732-022A89BEB75A}.Release|Any CPU.ActiveCfg = Release|Any CPU
		{09272F5B-7331-4616-B732-022A89BEB75A}.Release|Any CPU.Build.0 = Release|Any CPU
		{09272F5B-7331-4616-B732-022A89BEB75A}.Release|Any CPU.Deploy.0 = Release|Any CPU
		{09272F5B-7331-4616-B732-022A89BEB75A}.Release|ARM.ActiveCfg = Release|ARM
		{09272F5B-7331-4616-B732-022A89BEB75A}.Release|ARM.Build.0 = Release|ARM
		{09272F5B-7331-4616-B732-022A89BEB75A}.Release|ARM.Deploy.0 = Release|ARM
		{09272F5B-7331-4616-B732-022A89BEB75A}.Release|iPhone.ActiveCfg = Release|Any CPU
		{09272F5B-7331-4616-B732-022A89BEB75A}.Release|iPhone.Build.0 = Release|Any CPU
		{09272F5B-7331-4616-B732-022A89BEB75A}.Release|iPhone.Deploy.0 = Release|Any CPU
		{09272F5B-7331-4616-B732-022A89BEB75A}.Release|iPhoneSimulator.ActiveCfg = Release|Any CPU
		{09272F5B-7331-4616-B732-022A89BEB75A}.Release|iPhoneSimulator.Build.0 = Release|Any CPU
		{09272F5B-7331-4616-B732-022A89BEB75A}.Release|iPhoneSimulator.Deploy.0 = Release|Any CPU
		{09272F5B-7331-4616-B732-022A89BEB75A}.Release|x64.ActiveCfg = Release|Any CPU
		{09272F5B-7331-4616-B732-022A89BEB75A}.Release|x64.Build.0 = Release|Any CPU
		{09272F5B-7331-4616-B732-022A89BEB75A}.Release|x64.Deploy.0 = Release|Any CPU
		{09272F5B-7331-4616-B732-022A89BEB75A}.Release|x86.ActiveCfg = Release|x86
		{09272F5B-7331-4616-B732-022A89BEB75A}.Release|x86.Build.0 = Release|x86
		{09272F5B-7331-4616-B732-022A89BEB75A}.Release|x86.Deploy.0 = Release|x86
		{9E3534BE-24D5-44F1-98A0-CDF5AB6FA495}.Ad-Hoc|Any CPU.ActiveCfg = Release|x86
		{9E3534BE-24D5-44F1-98A0-CDF5AB6FA495}.Ad-Hoc|Any CPU.Build.0 = Release|x86
		{9E3534BE-24D5-44F1-98A0-CDF5AB6FA495}.Ad-Hoc|Any CPU.Deploy.0 = Release|x86
		{9E3534BE-24D5-44F1-98A0-CDF5AB6FA495}.Ad-Hoc|ARM.ActiveCfg = Release|ARM
		{9E3534BE-24D5-44F1-98A0-CDF5AB6FA495}.Ad-Hoc|ARM.Build.0 = Release|ARM
		{9E3534BE-24D5-44F1-98A0-CDF5AB6FA495}.Ad-Hoc|ARM.Deploy.0 = Release|ARM
		{9E3534BE-24D5-44F1-98A0-CDF5AB6FA495}.Ad-Hoc|iPhone.ActiveCfg = Release|x86
		{9E3534BE-24D5-44F1-98A0-CDF5AB6FA495}.Ad-Hoc|iPhone.Build.0 = Release|x86
		{9E3534BE-24D5-44F1-98A0-CDF5AB6FA495}.Ad-Hoc|iPhone.Deploy.0 = Release|x86
		{9E3534BE-24D5-44F1-98A0-CDF5AB6FA495}.Ad-Hoc|iPhoneSimulator.ActiveCfg = Release|x86
		{9E3534BE-24D5-44F1-98A0-CDF5AB6FA495}.Ad-Hoc|iPhoneSimulator.Build.0 = Release|x86
		{9E3534BE-24D5-44F1-98A0-CDF5AB6FA495}.Ad-Hoc|iPhoneSimulator.Deploy.0 = Release|x86
		{9E3534BE-24D5-44F1-98A0-CDF5AB6FA495}.Ad-Hoc|x64.ActiveCfg = Release|x64
		{9E3534BE-24D5-44F1-98A0-CDF5AB6FA495}.Ad-Hoc|x64.Build.0 = Release|x64
		{9E3534BE-24D5-44F1-98A0-CDF5AB6FA495}.Ad-Hoc|x64.Deploy.0 = Release|x64
		{9E3534BE-24D5-44F1-98A0-CDF5AB6FA495}.Ad-Hoc|x86.ActiveCfg = Release|x86
		{9E3534BE-24D5-44F1-98A0-CDF5AB6FA495}.Ad-Hoc|x86.Build.0 = Release|x86
		{9E3534BE-24D5-44F1-98A0-CDF5AB6FA495}.Ad-Hoc|x86.Deploy.0 = Release|x86
		{9E3534BE-24D5-44F1-98A0-CDF5AB6FA495}.AppStore|Any CPU.ActiveCfg = Release|x86
		{9E3534BE-24D5-44F1-98A0-CDF5AB6FA495}.AppStore|Any CPU.Build.0 = Release|x86
		{9E3534BE-24D5-44F1-98A0-CDF5AB6FA495}.AppStore|Any CPU.Deploy.0 = Release|x86
		{9E3534BE-24D5-44F1-98A0-CDF5AB6FA495}.AppStore|ARM.ActiveCfg = Release|ARM
		{9E3534BE-24D5-44F1-98A0-CDF5AB6FA495}.AppStore|ARM.Build.0 = Release|ARM
		{9E3534BE-24D5-44F1-98A0-CDF5AB6FA495}.AppStore|ARM.Deploy.0 = Release|ARM
		{9E3534BE-24D5-44F1-98A0-CDF5AB6FA495}.AppStore|iPhone.ActiveCfg = Release|x86
		{9E3534BE-24D5-44F1-98A0-CDF5AB6FA495}.AppStore|iPhone.Build.0 = Release|x86
		{9E3534BE-24D5-44F1-98A0-CDF5AB6FA495}.AppStore|iPhone.Deploy.0 = Release|x86
		{9E3534BE-24D5-44F1-98A0-CDF5AB6FA495}.AppStore|iPhoneSimulator.ActiveCfg = Release|x86
		{9E3534BE-24D5-44F1-98A0-CDF5AB6FA495}.AppStore|iPhoneSimulator.Build.0 = Release|x86
		{9E3534BE-24D5-44F1-98A0-CDF5AB6FA495}.AppStore|iPhoneSimulator.Deploy.0 = Release|x86
		{9E3534BE-24D5-44F1-98A0-CDF5AB6FA495}.AppStore|x64.ActiveCfg = Release|x64
		{9E3534BE-24D5-44F1-98A0-CDF5AB6FA495}.AppStore|x64.Build.0 = Release|x64
		{9E3534BE-24D5-44F1-98A0-CDF5AB6FA495}.AppStore|x64.Deploy.0 = Release|x64
		{9E3534BE-24D5-44F1-98A0-CDF5AB6FA495}.AppStore|x86.ActiveCfg = Release|x86
		{9E3534BE-24D5-44F1-98A0-CDF5AB6FA495}.AppStore|x86.Build.0 = Release|x86
		{9E3534BE-24D5-44F1-98A0-CDF5AB6FA495}.AppStore|x86.Deploy.0 = Release|x86
		{9E3534BE-24D5-44F1-98A0-CDF5AB6FA495}.Debug|Any CPU.ActiveCfg = Debug|x86
		{9E3534BE-24D5-44F1-98A0-CDF5AB6FA495}.Debug|Any CPU.Build.0 = Debug|x86
		{9E3534BE-24D5-44F1-98A0-CDF5AB6FA495}.Debug|Any CPU.Deploy.0 = Debug|x86
		{9E3534BE-24D5-44F1-98A0-CDF5AB6FA495}.Debug|ARM.ActiveCfg = Debug|ARM
		{9E3534BE-24D5-44F1-98A0-CDF5AB6FA495}.Debug|ARM.Build.0 = Debug|ARM
		{9E3534BE-24D5-44F1-98A0-CDF5AB6FA495}.Debug|ARM.Deploy.0 = Debug|ARM
		{9E3534BE-24D5-44F1-98A0-CDF5AB6FA495}.Debug|iPhone.ActiveCfg = Debug|x86
		{9E3534BE-24D5-44F1-98A0-CDF5AB6FA495}.Debug|iPhoneSimulator.ActiveCfg = Debug|x86
		{9E3534BE-24D5-44F1-98A0-CDF5AB6FA495}.Debug|x64.ActiveCfg = Debug|x64
		{9E3534BE-24D5-44F1-98A0-CDF5AB6FA495}.Debug|x64.Build.0 = Debug|x64
		{9E3534BE-24D5-44F1-98A0-CDF5AB6FA495}.Debug|x64.Deploy.0 = Debug|x64
		{9E3534BE-24D5-44F1-98A0-CDF5AB6FA495}.Debug|x86.ActiveCfg = Debug|x86
		{9E3534BE-24D5-44F1-98A0-CDF5AB6FA495}.Debug|x86.Build.0 = Debug|x86
		{9E3534BE-24D5-44F1-98A0-CDF5AB6FA495}.Debug|x86.Deploy.0 = Debug|x86
		{9E3534BE-24D5-44F1-98A0-CDF5AB6FA495}.Release|Any CPU.ActiveCfg = Release|x86
		{9E3534BE-24D5-44F1-98A0-CDF5AB6FA495}.Release|ARM.ActiveCfg = Release|ARM
		{9E3534BE-24D5-44F1-98A0-CDF5AB6FA495}.Release|ARM.Build.0 = Release|ARM
		{9E3534BE-24D5-44F1-98A0-CDF5AB6FA495}.Release|ARM.Deploy.0 = Release|ARM
		{9E3534BE-24D5-44F1-98A0-CDF5AB6FA495}.Release|iPhone.ActiveCfg = Release|x86
		{9E3534BE-24D5-44F1-98A0-CDF5AB6FA495}.Release|iPhoneSimulator.ActiveCfg = Release|x86
		{9E3534BE-24D5-44F1-98A0-CDF5AB6FA495}.Release|x64.ActiveCfg = Release|x64
		{9E3534BE-24D5-44F1-98A0-CDF5AB6FA495}.Release|x64.Build.0 = Release|x64
		{9E3534BE-24D5-44F1-98A0-CDF5AB6FA495}.Release|x64.Deploy.0 = Release|x64
		{9E3534BE-24D5-44F1-98A0-CDF5AB6FA495}.Release|x86.ActiveCfg = Release|x86
		{9E3534BE-24D5-44F1-98A0-CDF5AB6FA495}.Release|x86.Build.0 = Release|x86
		{9E3534BE-24D5-44F1-98A0-CDF5AB6FA495}.Release|x86.Deploy.0 = Release|x86
		{375CF4BD-3310-4A9B-910A-0D488291CADB}.Ad-Hoc|Any CPU.ActiveCfg = Release|Any CPU
		{375CF4BD-3310-4A9B-910A-0D488291CADB}.Ad-Hoc|Any CPU.Build.0 = Release|Any CPU
		{375CF4BD-3310-4A9B-910A-0D488291CADB}.Ad-Hoc|Any CPU.Deploy.0 = Release|Any CPU
		{375CF4BD-3310-4A9B-910A-0D488291CADB}.Ad-Hoc|ARM.ActiveCfg = Release|ARM
		{375CF4BD-3310-4A9B-910A-0D488291CADB}.Ad-Hoc|ARM.Build.0 = Release|ARM
		{375CF4BD-3310-4A9B-910A-0D488291CADB}.Ad-Hoc|ARM.Deploy.0 = Release|ARM
		{375CF4BD-3310-4A9B-910A-0D488291CADB}.Ad-Hoc|iPhone.ActiveCfg = Release|Any CPU
		{375CF4BD-3310-4A9B-910A-0D488291CADB}.Ad-Hoc|iPhone.Build.0 = Release|Any CPU
		{375CF4BD-3310-4A9B-910A-0D488291CADB}.Ad-Hoc|iPhone.Deploy.0 = Release|Any CPU
		{375CF4BD-3310-4A9B-910A-0D488291CADB}.Ad-Hoc|iPhoneSimulator.ActiveCfg = Release|Any CPU
		{375CF4BD-3310-4A9B-910A-0D488291CADB}.Ad-Hoc|iPhoneSimulator.Build.0 = Release|Any CPU
		{375CF4BD-3310-4A9B-910A-0D488291CADB}.Ad-Hoc|iPhoneSimulator.Deploy.0 = Release|Any CPU
		{375CF4BD-3310-4A9B-910A-0D488291CADB}.Ad-Hoc|x64.ActiveCfg = Release|x64
		{375CF4BD-3310-4A9B-910A-0D488291CADB}.Ad-Hoc|x64.Build.0 = Release|x64
		{375CF4BD-3310-4A9B-910A-0D488291CADB}.Ad-Hoc|x64.Deploy.0 = Release|x64
		{375CF4BD-3310-4A9B-910A-0D488291CADB}.Ad-Hoc|x86.ActiveCfg = Release|x86
		{375CF4BD-3310-4A9B-910A-0D488291CADB}.Ad-Hoc|x86.Build.0 = Release|x86
		{375CF4BD-3310-4A9B-910A-0D488291CADB}.Ad-Hoc|x86.Deploy.0 = Release|x86
		{375CF4BD-3310-4A9B-910A-0D488291CADB}.AppStore|Any CPU.ActiveCfg = Release|Any CPU
		{375CF4BD-3310-4A9B-910A-0D488291CADB}.AppStore|Any CPU.Build.0 = Release|Any CPU
		{375CF4BD-3310-4A9B-910A-0D488291CADB}.AppStore|Any CPU.Deploy.0 = Release|Any CPU
		{375CF4BD-3310-4A9B-910A-0D488291CADB}.AppStore|ARM.ActiveCfg = Release|ARM
		{375CF4BD-3310-4A9B-910A-0D488291CADB}.AppStore|ARM.Build.0 = Release|ARM
		{375CF4BD-3310-4A9B-910A-0D488291CADB}.AppStore|ARM.Deploy.0 = Release|ARM
		{375CF4BD-3310-4A9B-910A-0D488291CADB}.AppStore|iPhone.ActiveCfg = Release|Any CPU
		{375CF4BD-3310-4A9B-910A-0D488291CADB}.AppStore|iPhone.Build.0 = Release|Any CPU
		{375CF4BD-3310-4A9B-910A-0D488291CADB}.AppStore|iPhone.Deploy.0 = Release|Any CPU
		{375CF4BD-3310-4A9B-910A-0D488291CADB}.AppStore|iPhoneSimulator.ActiveCfg = Release|Any CPU
		{375CF4BD-3310-4A9B-910A-0D488291CADB}.AppStore|iPhoneSimulator.Build.0 = Release|Any CPU
		{375CF4BD-3310-4A9B-910A-0D488291CADB}.AppStore|iPhoneSimulator.Deploy.0 = Release|Any CPU
		{375CF4BD-3310-4A9B-910A-0D488291CADB}.AppStore|x64.ActiveCfg = Release|x64
		{375CF4BD-3310-4A9B-910A-0D488291CADB}.AppStore|x64.Build.0 = Release|x64
		{375CF4BD-3310-4A9B-910A-0D488291CADB}.AppStore|x64.Deploy.0 = Release|x64
		{375CF4BD-3310-4A9B-910A-0D488291CADB}.AppStore|x86.ActiveCfg = Release|x86
		{375CF4BD-3310-4A9B-910A-0D488291CADB}.AppStore|x86.Build.0 = Release|x86
		{375CF4BD-3310-4A9B-910A-0D488291CADB}.AppStore|x86.Deploy.0 = Release|x86
		{375CF4BD-3310-4A9B-910A-0D488291CADB}.Debug|Any CPU.ActiveCfg = Debug|Any CPU
		{375CF4BD-3310-4A9B-910A-0D488291CADB}.Debug|Any CPU.Build.0 = Debug|Any CPU
		{375CF4BD-3310-4A9B-910A-0D488291CADB}.Debug|Any CPU.Deploy.0 = Debug|Any CPU
		{375CF4BD-3310-4A9B-910A-0D488291CADB}.Debug|ARM.ActiveCfg = Debug|ARM
		{375CF4BD-3310-4A9B-910A-0D488291CADB}.Debug|ARM.Build.0 = Debug|ARM
		{375CF4BD-3310-4A9B-910A-0D488291CADB}.Debug|ARM.Deploy.0 = Debug|ARM
		{375CF4BD-3310-4A9B-910A-0D488291CADB}.Debug|iPhone.ActiveCfg = Debug|Any CPU
		{375CF4BD-3310-4A9B-910A-0D488291CADB}.Debug|iPhone.Build.0 = Debug|Any CPU
		{375CF4BD-3310-4A9B-910A-0D488291CADB}.Debug|iPhone.Deploy.0 = Debug|Any CPU
		{375CF4BD-3310-4A9B-910A-0D488291CADB}.Debug|iPhoneSimulator.ActiveCfg = Debug|Any CPU
		{375CF4BD-3310-4A9B-910A-0D488291CADB}.Debug|iPhoneSimulator.Build.0 = Debug|Any CPU
		{375CF4BD-3310-4A9B-910A-0D488291CADB}.Debug|iPhoneSimulator.Deploy.0 = Debug|Any CPU
		{375CF4BD-3310-4A9B-910A-0D488291CADB}.Debug|x64.ActiveCfg = Debug|x64
		{375CF4BD-3310-4A9B-910A-0D488291CADB}.Debug|x64.Build.0 = Debug|x64
		{375CF4BD-3310-4A9B-910A-0D488291CADB}.Debug|x64.Deploy.0 = Debug|x64
		{375CF4BD-3310-4A9B-910A-0D488291CADB}.Debug|x86.ActiveCfg = Debug|x86
		{375CF4BD-3310-4A9B-910A-0D488291CADB}.Debug|x86.Build.0 = Debug|x86
		{375CF4BD-3310-4A9B-910A-0D488291CADB}.Debug|x86.Deploy.0 = Debug|x86
		{375CF4BD-3310-4A9B-910A-0D488291CADB}.Release|Any CPU.ActiveCfg = Release|Any CPU
		{375CF4BD-3310-4A9B-910A-0D488291CADB}.Release|Any CPU.Build.0 = Release|Any CPU
		{375CF4BD-3310-4A9B-910A-0D488291CADB}.Release|Any CPU.Deploy.0 = Release|Any CPU
		{375CF4BD-3310-4A9B-910A-0D488291CADB}.Release|ARM.ActiveCfg = Release|ARM
		{375CF4BD-3310-4A9B-910A-0D488291CADB}.Release|ARM.Build.0 = Release|ARM
		{375CF4BD-3310-4A9B-910A-0D488291CADB}.Release|ARM.Deploy.0 = Release|ARM
		{375CF4BD-3310-4A9B-910A-0D488291CADB}.Release|iPhone.ActiveCfg = Release|Any CPU
		{375CF4BD-3310-4A9B-910A-0D488291CADB}.Release|iPhone.Build.0 = Release|Any CPU
		{375CF4BD-3310-4A9B-910A-0D488291CADB}.Release|iPhone.Deploy.0 = Release|Any CPU
		{375CF4BD-3310-4A9B-910A-0D488291CADB}.Release|iPhoneSimulator.ActiveCfg = Release|Any CPU
		{375CF4BD-3310-4A9B-910A-0D488291CADB}.Release|iPhoneSimulator.Build.0 = Release|Any CPU
		{375CF4BD-3310-4A9B-910A-0D488291CADB}.Release|iPhoneSimulator.Deploy.0 = Release|Any CPU
		{375CF4BD-3310-4A9B-910A-0D488291CADB}.Release|x64.ActiveCfg = Release|x64
		{375CF4BD-3310-4A9B-910A-0D488291CADB}.Release|x64.Build.0 = Release|x64
		{375CF4BD-3310-4A9B-910A-0D488291CADB}.Release|x64.Deploy.0 = Release|x64
		{375CF4BD-3310-4A9B-910A-0D488291CADB}.Release|x86.ActiveCfg = Release|x86
		{375CF4BD-3310-4A9B-910A-0D488291CADB}.Release|x86.Build.0 = Release|x86
		{375CF4BD-3310-4A9B-910A-0D488291CADB}.Release|x86.Deploy.0 = Release|x86
		{C5DDB501-E48D-43BE-A4AF-78F06B7B66F1}.Ad-Hoc|Any CPU.ActiveCfg = Release|Any CPU
		{C5DDB501-E48D-43BE-A4AF-78F06B7B66F1}.Ad-Hoc|Any CPU.Build.0 = Release|Any CPU
		{C5DDB501-E48D-43BE-A4AF-78F06B7B66F1}.Ad-Hoc|ARM.ActiveCfg = Release|Any CPU
		{C5DDB501-E48D-43BE-A4AF-78F06B7B66F1}.Ad-Hoc|ARM.Build.0 = Release|Any CPU
		{C5DDB501-E48D-43BE-A4AF-78F06B7B66F1}.Ad-Hoc|iPhone.ActiveCfg = Release|Any CPU
		{C5DDB501-E48D-43BE-A4AF-78F06B7B66F1}.Ad-Hoc|iPhone.Build.0 = Release|Any CPU
		{C5DDB501-E48D-43BE-A4AF-78F06B7B66F1}.Ad-Hoc|iPhoneSimulator.ActiveCfg = Release|Any CPU
		{C5DDB501-E48D-43BE-A4AF-78F06B7B66F1}.Ad-Hoc|iPhoneSimulator.Build.0 = Release|Any CPU
		{C5DDB501-E48D-43BE-A4AF-78F06B7B66F1}.Ad-Hoc|x64.ActiveCfg = Release|Any CPU
		{C5DDB501-E48D-43BE-A4AF-78F06B7B66F1}.Ad-Hoc|x64.Build.0 = Release|Any CPU
		{C5DDB501-E48D-43BE-A4AF-78F06B7B66F1}.Ad-Hoc|x86.ActiveCfg = Release|Any CPU
		{C5DDB501-E48D-43BE-A4AF-78F06B7B66F1}.Ad-Hoc|x86.Build.0 = Release|Any CPU
		{C5DDB501-E48D-43BE-A4AF-78F06B7B66F1}.AppStore|Any CPU.ActiveCfg = Release|Any CPU
		{C5DDB501-E48D-43BE-A4AF-78F06B7B66F1}.AppStore|Any CPU.Build.0 = Release|Any CPU
		{C5DDB501-E48D-43BE-A4AF-78F06B7B66F1}.AppStore|ARM.ActiveCfg = Release|Any CPU
		{C5DDB501-E48D-43BE-A4AF-78F06B7B66F1}.AppStore|ARM.Build.0 = Release|Any CPU
		{C5DDB501-E48D-43BE-A4AF-78F06B7B66F1}.AppStore|iPhone.ActiveCfg = Release|Any CPU
		{C5DDB501-E48D-43BE-A4AF-78F06B7B66F1}.AppStore|iPhone.Build.0 = Release|Any CPU
		{C5DDB501-E48D-43BE-A4AF-78F06B7B66F1}.AppStore|iPhoneSimulator.ActiveCfg = Release|Any CPU
		{C5DDB501-E48D-43BE-A4AF-78F06B7B66F1}.AppStore|iPhoneSimulator.Build.0 = Release|Any CPU
		{C5DDB501-E48D-43BE-A4AF-78F06B7B66F1}.AppStore|x64.ActiveCfg = Release|Any CPU
		{C5DDB501-E48D-43BE-A4AF-78F06B7B66F1}.AppStore|x64.Build.0 = Release|Any CPU
		{C5DDB501-E48D-43BE-A4AF-78F06B7B66F1}.AppStore|x86.ActiveCfg = Release|Any CPU
		{C5DDB501-E48D-43BE-A4AF-78F06B7B66F1}.AppStore|x86.Build.0 = Release|Any CPU
		{C5DDB501-E48D-43BE-A4AF-78F06B7B66F1}.Debug|Any CPU.ActiveCfg = Debug|Any CPU
		{C5DDB501-E48D-43BE-A4AF-78F06B7B66F1}.Debug|Any CPU.Build.0 = Debug|Any CPU
		{C5DDB501-E48D-43BE-A4AF-78F06B7B66F1}.Debug|ARM.ActiveCfg = Debug|Any CPU
		{C5DDB501-E48D-43BE-A4AF-78F06B7B66F1}.Debug|ARM.Build.0 = Debug|Any CPU
		{C5DDB501-E48D-43BE-A4AF-78F06B7B66F1}.Debug|iPhone.ActiveCfg = Debug|Any CPU
		{C5DDB501-E48D-43BE-A4AF-78F06B7B66F1}.Debug|iPhone.Build.0 = Debug|Any CPU
		{C5DDB501-E48D-43BE-A4AF-78F06B7B66F1}.Debug|iPhoneSimulator.ActiveCfg = Debug|Any CPU
		{C5DDB501-E48D-43BE-A4AF-78F06B7B66F1}.Debug|iPhoneSimulator.Build.0 = Debug|Any CPU
		{C5DDB501-E48D-43BE-A4AF-78F06B7B66F1}.Debug|x64.ActiveCfg = Debug|Any CPU
		{C5DDB501-E48D-43BE-A4AF-78F06B7B66F1}.Debug|x64.Build.0 = Debug|Any CPU
		{C5DDB501-E48D-43BE-A4AF-78F06B7B66F1}.Debug|x86.ActiveCfg = Debug|Any CPU
		{C5DDB501-E48D-43BE-A4AF-78F06B7B66F1}.Debug|x86.Build.0 = Debug|Any CPU
		{C5DDB501-E48D-43BE-A4AF-78F06B7B66F1}.Release|Any CPU.ActiveCfg = Release|Any CPU
		{C5DDB501-E48D-43BE-A4AF-78F06B7B66F1}.Release|Any CPU.Build.0 = Release|Any CPU
		{C5DDB501-E48D-43BE-A4AF-78F06B7B66F1}.Release|ARM.ActiveCfg = Release|Any CPU
		{C5DDB501-E48D-43BE-A4AF-78F06B7B66F1}.Release|ARM.Build.0 = Release|Any CPU
		{C5DDB501-E48D-43BE-A4AF-78F06B7B66F1}.Release|iPhone.ActiveCfg = Release|Any CPU
		{C5DDB501-E48D-43BE-A4AF-78F06B7B66F1}.Release|iPhone.Build.0 = Release|Any CPU
		{C5DDB501-E48D-43BE-A4AF-78F06B7B66F1}.Release|iPhoneSimulator.ActiveCfg = Release|Any CPU
		{C5DDB501-E48D-43BE-A4AF-78F06B7B66F1}.Release|iPhoneSimulator.Build.0 = Release|Any CPU
		{C5DDB501-E48D-43BE-A4AF-78F06B7B66F1}.Release|x64.ActiveCfg = Release|Any CPU
		{C5DDB501-E48D-43BE-A4AF-78F06B7B66F1}.Release|x64.Build.0 = Release|Any CPU
		{C5DDB501-E48D-43BE-A4AF-78F06B7B66F1}.Release|x86.ActiveCfg = Release|Any CPU
		{C5DDB501-E48D-43BE-A4AF-78F06B7B66F1}.Release|x86.Build.0 = Release|Any CPU
	EndGlobalSection
	GlobalSection(SolutionProperties) = preSolution
		HideSolutionNode = FALSE
	EndGlobalSection
EndGlobal
